cloud.google.com/go v0.117.0 h1:Z5TNFfQxj7WG2FgOGX1ekC5RiXrYgms6QscOm32M/4s=
cloud.google.com/go v0.117.0/go.mod h1:ZbwhVTb1DBGt2Iwb3tNO6SEK4q+cplHZmLWH+DelYYc=
cloud.google.com/go v0.123.0 h1:2NAUJwPR47q+E35uaJeYoNhuNEM9kM8SjgRgdeOJUSE=
cloud.google.com/go v0.123.0/go.mod h1:xBoMV08QcqUGuPW65Qfm1o9Y4zKZBpGS+7bImXLTAZU=
cloud.google.com/go/auth v0.13.0 h1:8Fu8TZy167JkW8Tj3q7dIkr2v4cndv41ouecJx0PAHs=
cloud.google.com/go/auth v0.13.0/go.mod h1:COOjD9gwfKNKz+IIduatIhYJQIc0mG3H102r/EMxX6Q=
cloud.google.com/go/auth v0.20.0 h1:kXTssoVb4azsVDoUiF8KvxAqrsQcQtB53DcSgta74CA=
cloud.google.com/go/auth v0.20.0/go.mod h1:942/yi/itH1SsmpyrbnTMDgGfdy2BUqIKyd0cyYLc5Q=
cloud.google.com/go/auth/oauth2adapt v0.2.6 h1:V6a6XDu2lTwPZWOawrAa9HUK+DB2zfJyTuciBG5hFkU=
cloud.google.com/go/auth/oauth2adapt v0.2.6/go.mod h1:AlmsELtlEBnaNTL7jCj8VQFLy6mbZv0s4Q7NGBeQ5E8=
cloud.google.com/go/auth/oauth2adapt v0.2.8 h1:keo8NaayQZ6wimpNSmW5OPc283g65QNIiLpZnkHRbnc=
cloud.google.com/go/auth/oauth2adapt v0.2.8/go.mod h1:XQ9y31RkqZCcwJWNSx2Xvric3RrU88hAYYbjDWYDL+c=
cloud.google.com/go/compute v1.64.0 h1:7MmuzeAxlG5MOG5PQD2NLtyYR6bWjkvGljRu7pByoRU=
cloud.google.com/go/compute v1.64.0/go.mod h1:eHhcRZ6vf70fQCS3VEsiWSh+nQ+tLvSMb7mwLQskgN0=
cloud.google.com/go/compute/metadata v0.9.0 h1:pDUj4QMoPejqq20dK0Pg2N4yG9zIkYGdBtwLoEkH9Zs=
cloud.google.com/go/compute/metadata v0.9.0/go.mod h1:E0bWwX5wTnLPedCKqk3pJmVgCBSM6qQI1yTBdEb3C10=
cloud.google.com/go/iam v1.3.0 h1:4Wo2qTaGKFtajbLpF6I4mywg900u3TLlHDb6mriLDPU=
cloud.google.com/go/iam v1.3.0/go.mod h1:0Ys8ccaZHdI1dEUilwzqng/6ps2YB6vRsjIe00/+6JY=
cloud.google.com/go/iam v1.11.0 h1:KieQ9Pb+LLPak1O3Rv3GgCxhnmkYf7Xyh0P5HfF1jFM=
cloud.google.com/go/iam v1.11.0/go.mod h1:KP+nKGugNJW4LcLx1uEZcq1ok5sQHFaQehQNl4QDgV4=
cloud.google.com/go/secretmanager v1.14.2 h1:2XscWCfy//l/qF96YE18/oUaNJynAx749Jg3u0CjQr8=
cloud.google.com/go/secretmanager v1.14.2/go.mod h1:Q18wAPMM6RXLC/zVpWTlqq2IBSbbm7pKBlM3lCKsmjw=
cloud.google.com/go/secretmanager v1.20.0 h1:GjE3NoyFXo7ipRPy26PMmg4oRX1Ra8fswH45r16rWV0=
cloud.google.com/go/secretmanager v1.20.0/go.mod h1:9OmSuOeiiUicANglrbdKWSnT3gYkRcXuUQDk7dDW0zU=
github.com/cespare/xxhash/v2 v2.3.0 h1:UL815xU9SqsFlibzuggzjXhog7bL6oX9BbNZnL2UFvs=
github.com/cespare/xxhash/v2 v2.3.0/go.mod h1:VGX0DQ3Q6kWi7AoAeZDth3/j3BFtOZR5XLFGgcrjCOs=
github.com/cncf/xds/go v0.0.0-20251210132809-ee656c7534f5 h1:6xNmx7iTtyBRev0+D/Tv1FZd4SCg8axKApyNyRsAt/w=
github.com/cncf/xds/go v0.0.0-20251210132809-ee656c7534f5/go.mod h1:KdCmV+x/BuvyMxRnYBlmVaq4OLiKW6iRQfvC62cvdkI=
github.com/cncf/xds/go v0.0.0-20260202195803-dba9d589def2 h1:aBangftG7EVZoUb69Os8IaYg++6uMOdKK83QtkkvJik=
github.com/cpuguy83/go-md2man/v2 v2.0.4/go.mod h1:tgQtvFlXSQOSOSIRvRPT7W67SCa46tRHOmNcaadrF8o=
github.com/cpuguy83/go-md2man/v2 v2.0.6/go.mod h1:oOW0eioCTA6cOiMLiUPZOpcVxMig6NIQQ7OS05n1F4g=
github.com/davecgh/go-spew v1.1.1 h1:vj9j/u1bqnvCEfJOwUhtlOARqs3+rkHYY13jYWTU97c=
github.com/davecgh/go-spew v1.1.1/go.mod h1:J7Y8YcW2NihsgmVo/mv3lAwl/skON4iLHjSsI+c5H38=
github.com/envoyproxy/go-control-plane v0.14.0 h1:hbG2kr4RuFj222B6+7T83thSPqLjwBIfQawTkC++2HA=
github.com/envoyproxy/go-control-plane/envoy v1.36.0 h1:yg/JjO5E7ubRyKX3m07GF3reDNEnfOboJ0QySbH736g=
github.com/envoyproxy/go-control-plane/envoy v1.36.0/go.mod h1:ty89S1YCCVruQAm9OtKeEkQLTb+Lkz0k8v9W0Oxsv98=
github.com/envoyproxy/go-control-plane/envoy v1.37.0 h1:u3riX6BoYRfF4Dr7dwSOroNfdSbEPe9Yyl09/B6wBrQ=
github.com/envoyproxy/protoc-gen-validate v1.3.0 h1:TvGH1wof4H33rezVKWSpqKz5NXWg5VPuZ0uONDT6eb4=
github.com/envoyproxy/protoc-gen-validate v1.3.0/go.mod h1:HvYl7zwPa5mffgyeTUHA9zHIH36nmrm7oCbo4YKoSWA=
github.com/envoyproxy/protoc-gen-validate v1.3.3 h1:MVQghNeW+LZcmXe7SY1V36Z+WFMDjpqGAGacLe2T0ds=
github.com/felixge/httpsnoop v1.0.4 h1:NFTV2Zj1bL4mc9sqWACXbQFVBBg2W3GPvqp8/ESS2Wg=
github.com/felixge/httpsnoop v1.0.4/go.mod h1:m8KPJKqk1gH5J9DgRY2ASl2lWCfGKXixSwevea8zH2U=
github.com/felixge/httpsnoop v1.1.0 h1:3YtUj32ZZkqZtt3sZZsClsymw/QDuVfpNhoA31zeORc=
github.com/felixge/httpsnoop v1.1.0/go.mod h1:Zqxgdd+1Rkcz8euOqdr7lqgCRJztwr5hp9vDSi5UZCE=
github.com/go-logr/logr v1.2.2/go.mod h1:jdQByPbusPIv2/zmleS9BjJVeZ6kBagPoEUsqbVz/1A=
github.com/go-logr/logr v1.4.3 h1:CjnDlHq8ikf6E492q6eKboGOC0T8CDaOvkHCIg8idEI=
github.com/go-logr/logr v1.4.3/go.mod h1:9T104GzyrTigFIr8wt5mBrctHMim0Nb2HLGrmQ40KvY=
github.com/go-logr/stdr v1.2.2 h1:hSWxHoqTgW2S2qGc0LTAI563KZ5YKYRhT3MFKZMbjag=
github.com/go-logr/stdr v1.2.2/go.mod h1:mMo/vtBO5dYbehREoey6XUKy/eSumjCCveDpRre4VKE=
github.com/golang/groupcache v0.0.0-20210331224755-41bb18bfe9da h1:oI5xCqsCo564l8iNU+DwB5epxmsaqB+rhGL0m5jtYqE=
github.com/golang/groupcache v0.0.0-20210331224755-41bb18bfe9da/go.mod h1:cIg4eruTrX1D+g88fzRXU5OdNfaM+9IcxsU14FzY7Hc=
github.com/golang/protobuf v1.5.4 h1:i7eJL8qZTpSEXOPTxNKhASYpMn+8e5Q6AdndVa1dWek=
github.com/golang/protobuf v1.5.4/go.mod h1:lnTiLA8Wa4RWRcIUkrtSVa5nRhsEGBg48fD6rSs7xps=
github.com/google/go-cmp v0.7.0 h1:wk8382ETsv4JYUZwIsn6YpYiWiBsYLSJiTsyBybVuN8=
github.com/google/go-cmp v0.7.0/go.mod h1:pXiqmnSA92OHEEa9HXL2W4E7lf9JzCmGVUdgjX3N/iU=
github.com/google/s2a-go v0.1.8 h1:zZDs9gcbt9ZPLV0ndSyQk6Kacx2g/X+SKYovpnz3SMM=
github.com/google/s2a-go v0.1.8/go.mod h1:6iNWHTpQ+nfNRN5E00MSdfDwVesa8hhS32PhPO8deJA=
github.com/google/s2a-go v0.1.9 h1:LGD7gtMgezd8a/Xak7mEWL0PjoTQFvpRudN895yqKW0=
github.com/google/s2a-go v0.1.9/go.mod h1:YA0Ei2ZQL3acow2O62kdp9UlnvMmU7kA6Eutn0dXayM=
github.com/google/uuid v1.6.0 h1:NIvaJDMOsjHA8n1jAhLSgzrAzy1Hgr+hNrb57e+94F0=
github.com/google/uuid v1.6.0/go.mod h1:TIyPZe4MgqvfeYDBFedMoGGpEw/LqOeaOT+nhxU+yHo=
github.com/googleapis/enterprise-certificate-proxy v0.3.4 h1:XYIDZApgAnrN1c855gTgghdIA6Stxb52D5RnLI1SLyw=
github.com/googleapis/enterprise-certificate-proxy v0.3.4/go.mod h1:YKe7cfqYXjKGpGvmSg28/fFvhNzinZQm8DGnaburhGA=
github.com/googleapis/enterprise-certificate-proxy v0.3.17 h1:73NfMHdiqo9JFU9+7a5ExpVa10/R29pXfZIaW559nrg=
github.com/googleapis/enterprise-certificate-proxy v0.3.17/go.mod h1:rSEsBUemEBZEexP2y6jPp16LUmUbjmSbcPMQizR0o4k=
github.com/googleapis/gax-go/v2 v2.14.0 h1:f+jMrjBPl+DL9nI4IQzLUxMq7XrAqFYB7hBPqMNIe8o=
github.com/googleapis/gax-go/v2 v2.14.0/go.mod h1:lhBCnjdLrWRaPvLWhmc8IS24m9mr07qSYnHncrgo+zk=
github.com/googleapis/gax-go/v2 v2.22.0 h1:PjIWBpgGIVKGoCXuiCoP64altEJCj3/Ei+kSU5vlZD4=
github.com/googleapis/gax-go/v2 v2.22.0/go.mod h1:irWBbALSr0Sk3qlqb9SyJ1h68WjgeFuiOzI4Rqw5+aY=
github.com/inconshreveable/mousetrap v1.1.0 h1:wN+x4NVGpMsO7ErUn/mUI3vEoE6Jt13X2s0bqwp9tc8=
github.com/inconshreveable/mousetrap v1.1.0/go.mod h1:vpF70FUmC8bwa3OWnCshd2FqLfsEA9PFc4w1p2J65bw=
github.com/planetscale/vtprotobuf v0.6.1-0.20240319094008-0393e58bdf10 h1:GFCKgmp0tecUJ0sJuv4pzYCqS9+RGSn52M3FUwPs+uo=
github.com/planetscale/vtprotobuf v0.6.1-0.20240319094008-0393e58bdf10/go.mod h1:t/avpk3KcrXxUnYOhZhMXJlSEyie6gQbtLq5NM3loB8=
github.com/pmezard/go-difflib v1.0.0 h1:4DBwDE0NGyQoBHbLQYPwSUPoCMWR5BEzIk/f1lZbAQM=
github.com/pmezard/go-difflib v1.0.0/go.mod h1:iKH77koFhYxTK1pcRnkKkqfTogsbg7gZNVY4sRDYZ/4=
github.com/russross/blackfriday/v2 v2.1.0/go.mod h1:+Rmxgy9KzJVeS9/2gXHxylqXiyQDYRxCVz55jmeOWTM=
github.com/spf13/cobra v1.8.1 h1:e5/vxKd/rZsfSJMUX1agtjeTDf+qv1/JdBF8gg5k9ZM=
github.com/spf13/cobra v1.8.1/go.mod h1:wHxEcudfqmLYa8iTfL+OuZPbBZkmvliBWKIezN3kD9Y=
github.com/spf13/cobra v1.10.2 h1:DMTTonx5m65Ic0GOoRY2c16WCbHxOOw6xxezuLaBpcU=
github.com/spf13/cobra v1.10.2/go.mod h1:7C1pvHqHw5A4vrJfjNwvOdzYu0Gml16OCs2GRiTUUS4=
github.com/spf13/pflag v1.0.5 h1:iy+VFUOCP1a+8yFto/drg2CJ5u0yRoB7fZw3DKv/JXA=
github.com/spf13/pflag v1.0.5/go.mod h1:McXfInJRrz4CZXVZOBLb0bTZqETkiAhM9Iw0y3An2Bg=
github.com/spf13/pflag v1.0.9/go.mod h1:McXfInJRrz4CZXVZOBLb0bTZqETkiAhM9Iw0y3An2Bg=
github.com/spf13/pflag v1.0.10 h1:4EBh2KAYBwaONj6b2Ye1GiHfwjqyROoF4RwYO+vPwFk=
github.com/spf13/pflag v1.0.10/go.mod h1:McXfInJRrz4CZXVZOBLb0bTZqETkiAhM9Iw0y3An2Bg=
github.com/stretchr/testify v1.11.1 h1:7s2iGBzp5EwR7/aIZr8ao5+dra3wiQyKjjFuvgVKu7U=
github.com/stretchr/testify v1.11.1/go.mod h1:wZwfW3scLgRK+23gO65QZefKpKQRnfz6sD981Nm4B6U=
go.opencensus.io v0.24.0 h1:y73uSU6J157QMP2kn2r30vwW1A2W2WFwSCGnAVxeaD0=
go.opencensus.io v0.24.0/go.mod h1:vNK8G9p7aAivkbmorf4v+7Hgx+Zs0yY+0fOtgBfjQKo=
go.opentelemetry.io/auto/sdk v1.2.1 h1:jXsnJ4Lmnqd11kwkBV2LgLoFMZKizbCi5fNZ/ipaZ64=
go.opentelemetry.io/auto/sdk v1.2.1/go.mod h1:KRTj+aOaElaLi+wW1kO/DZRXwkF4C5xPbEe3ZiIhN7Y=
go.opentelemetry.io/contrib/instrumentation/google.golang.org/grpc/otelgrpc v0.54.0 h1:r6I7RJCN86bpD/FQwedZ0vSixDpwuWREjW9oRMsmqDc=
go.opentelemetry.io/contrib/instrumentation/google.golang.org/grpc/otelgrpc v0.54.0/go.mod h1:B9yO6b04uB80CzjedvewuqDhxJxi11s7/GtiGa8bAjI=
go.opentelemetry.io/contrib/instrumentation/google.golang.org/grpc/otelgrpc v0.69.0 h1:2yEATaop1/a1I4psnSLgWVPLWwCzkqWakgJy7xTDVy0=
go.opentelemetry.io/contrib/instrumentation/google.golang.org/grpc/otelgrpc v0.69.0/go.mod h1:D7J12YRapIekYyPWgGPlA/23pRmpSEZC5xJC/TTLI9U=
go.opentelemetry.io/contrib/instrumentation/net/http/otelhttp v0.54.0 h1:TT4fX+nBOA/+LUkobKGW1ydGcn+G3vRw9+g5HwCphpk=
go.opentelemetry.io/contrib/instrumentation/net/http/otelhttp v0.54.0/go.mod h1:L7UH0GbB0p47T4Rri3uHjbpCFYrVrwc1I25QhNPiGK8=
go.opentelemetry.io/contrib/instrumentation/net/http/otelhttp v0.69.0 h1:8tvICD4vSTOOsNrsI4Ljf6C+6UKvpTEH5XY3JMoyPoo=
go.opentelemetry.io/contrib/instrumentation/net/http/otelhttp v0.69.0/go.mod h1:z9+yiacE0IHRqM4qFfkbt/JYlmYXgss8GY/jXoNuPJI=
go.opentelemetry.io/otel v1.41.0 h1:YlEwVsGAlCvczDILpUXpIpPSL/VPugt7zHThEMLce1c=
go.opentelemetry.io/otel v1.41.0/go.mod h1:Yt4UwgEKeT05QbLwbyHXEwhnjxNO6D8L5PQP51/46dE=
go.opentelemetry.io/otel v1.44.0 h1:JjwHmHpA4iZ3wBxluu2fbbE7j4kqlE8jXyAyPXH7HqU=
go.opentelemetry.io/otel v1.44.0/go.mod h1:BMgjTHL9WPRlRjL2oZCBTL4whCGtXch2H4BhOPIAyYc=
go.opentelemetry.io/otel/metric v1.41.0 h1:rFnDcs4gRzBcsO9tS8LCpgR0dxg4aaxWlJxCno7JlTQ=
go.opentelemetry.io/otel/metric v1.41.0/go.mod h1:xPvCwd9pU0VN8tPZYzDZV/BMj9CM9vs00GuBjeKhJps=
go.opentelemetry.io/otel/metric v1.44.0 h1:1w0gILTcHdr3YI+ixLyjemwrVnsMURbTZFrSYCdDdmc=
go.opentelemetry.io/otel/metric v1.44.0/go.mod h1:8O7hanEPBNgEMmybD3s2VBKcgWOCsA6tzHBPODAiquo=
go.opentelemetry.io/otel/sdk v1.39.0 h1:nMLYcjVsvdui1B/4FRkwjzoRVsMK8uL/cj0OyhKzt18=
go.opentelemetry.io/otel/sdk v1.39.0/go.mod h1:vDojkC4/jsTJsE+kh+LXYQlbL8CgrEcwmt1ENZszdJE=
go.opentelemetry.io/otel/sdk v1.44.0 h1:nHYwb9lK+fJPU/dnT6s7W7Z8itMWyqrnVfbheVYrZ58=
go.opentelemetry.io/otel/sdk/metric v1.39.0 h1:cXMVVFVgsIf2YL6QkRF4Urbr/aMInf+2WKg+sEJTtB8=
go.opentelemetry.io/otel/sdk/metric v1.39.0/go.mod h1:xq9HEVH7qeX69/JnwEfp6fVq5wosJsY1mt4lLfYdVew=
go.opentelemetry.io/otel/sdk/metric v1.44.0 h1:3LlKgI+VjbVsjNRFZJZAJ30WjXC5VkNRks6si09iEfI=
go.opentelemetry.io/otel/trace v1.41.0 h1:Vbk2co6bhj8L59ZJ6/xFTskY+tGAbOnCtQGVVa9TIN0=
go.opentelemetry.io/otel/trace v1.41.0/go.mod h1:U1NU4ULCoxeDKc09yCWdWe+3QoyweJcISEVa1RBzOis=
go.opentelemetry.io/otel/trace v1.44.0 h1:jxF5CsGYCe74MCRx2X4g7WsY/VBKRqqpNvXlX/6gtIk=
go.opentelemetry.io/otel/trace v1.44.0/go.mod h1:oLl1jrMQAVo6v3GAggN+1VH9VIz9iUSvW53sW1Q8PIE=
go.yaml.in/yaml/v3 v3.0.4/go.mod h1:DhzuOOF2ATzADvBadXxruRBLzYTpT36CKvDb3+aBEFg=
golang.org/x/crypto v0.46.0 h1:cKRW/pmt1pKAfetfu+RCEvjvZkA9RimPbh7bhFjGVBU=
golang.org/x/crypto v0.46.0/go.mod h1:Evb/oLKmMraqjZ2iQTwDwvCtJkczlDuTmdJXoZVzqU0=
golang.org/x/crypto v0.53.0 h1:QZ4Muo8THX6CizN2vPPd5fBGHyogrdK9fG4wLPFUsto=
golang.org/x/crypto v0.53.0/go.mod h1:DNLU434OwVakk9PzuwV8w62mAJpRJL3vsgcfp4Qnsio=
golang.org/x/net v0.48.0 h1:zyQRTTrjc33Lhh0fBgT/H3oZq9WuvRR5gPC70xpDiQU=
golang.org/x/net v0.48.0/go.mod h1:+ndRgGjkh8FGtu1w1FGbEC31if4VrNVMuKTgcAAnQRY=
golang.org/x/net v0.56.0 h1:Rw8j/hFzGvJUZwNBXnAtf5sVDVt+65SK2C7IxCxZt5o=
golang.org/x/net v0.56.0/go.mod h1:D3Ku6r+V6JROoZK144D2XfMHFcMq/0zSfLelVTCFKec=
golang.org/x/oauth2 v0.34.0 h1:hqK/t4AKgbqWkdkcAeI8XLmbK+4m4G5YeQRrmiotGlw=
golang.org/x/oauth2 v0.34.0/go.mod h1:lzm5WQJQwKZ3nwavOZ3IS5Aulzxi68dUSgRHujetwEA=
golang.org/x/oauth2 v0.36.0 h1:peZ/1z27fi9hUOFCAZaHyrpWG5lwe0RJEEEeH0ThlIs=
golang.org/x/oauth2 v0.36.0/go.mod h1:YDBUJMTkDnJS+A4BP4eZBjCqtokkg1hODuPjwiGPO7Q=
golang.org/x/sync v0.19.0 h1:vV+1eWNmZ5geRlYjzm2adRgW2/mcpevXNg50YZtPCE4=
golang.org/x/sync v0.19.0/go.mod h1:9KTHXmSnoGruLpwFjVSX0lNNA75CykiMECbovNTZqGI=
golang.org/x/sync v0.21.0 h1:HLII4xRRTtCRkxYp4HNFF0Js/Og6q2i++KXbg0gHCwM=
golang.org/x/sync v0.21.0/go.mod h1:9xrNwdLfx4jkKbNva9FpL6vEN7evnE43NNNJQ2LF3+0=
golang.org/x/sys v0.39.0 h1:CvCKL8MeisomCi6qNZ+wbb0DN9E5AATixKsvNtMoMFk=
golang.org/x/sys v0.39.0/go.mod h1:OgkHotnGiDImocRcuBABYBEXf8A9a87e/uXjp9XT3ks=
golang.org/x/sys v0.46.0 h1:noSf2Fq6F8DBgS+LysIkx7rIExoNHJsxOAtPp4rthXw=
golang.org/x/sys v0.46.0/go.mod h1:4GL1E5IUh+htKOUEOaiffhrAeqysfVGipDYzABqnCmw=
golang.org/x/text v0.32.0 h1:ZD01bjUt1FQ9WJ0ClOL5vxgxOI/sVCNgX1YtKwcY0mU=
golang.org/x/text v0.32.0/go.mod h1:o/rUWzghvpD5TXrTIBuJU77MTaN0ljMWE47kxGJQ7jY=
golang.org/x/text v0.38.0 h1:sXmwo9DwP3OK9EZ7PqAdaooSGozfl/3a6/xJcbzPRhE=
golang.org/x/text v0.38.0/go.mod h1:YXZt3QhHUKYT53r2lLKFIVi6Ao1jdzrTR/KQ09qyxF4=
golang.org/x/time v0.8.0 h1:9i3RxcPv3PZnitoVGMPDKZSq1xW1gK1Xy3ArNOGZfEg=
golang.org/x/time v0.8.0/go.mod h1:3BpzKBy/shNhVucY/MWOyx10tF3SFh9QdLuxbVysPQM=
golang.org/x/time v0.15.0 h1:bbrp8t3bGUeFOx08pvsMYRTCVSMk89u4tKbNOZbp88U=
golang.org/x/time v0.15.0/go.mod h1:Y4YMaQmXwGQZoFaVFk4YpCt4FLQMYKZe9oeV/f4MSno=
gonum.org/v1/gonum v0.16.0 h1:5+ul4Swaf3ESvrOnidPp4GZbzf0mxVQpDCYUQE7OJfk=
gonum.org/v1/gonum v0.16.0/go.mod h1:fef3am4MQ93R2HHpKnLk4/Tbh/s0+wqD5nfa6Pnwy4E=
gonum.org/v1/gonum v0.17.0 h1:VbpOemQlsSMrYmn7T2OUvQ4dqxQXU+ouZFQsZOx50z4=
google.golang.org/api v0.214.0 h1:h2Gkq07OYi6kusGOaT/9rnNljuXmqPnaig7WGPmKbwA=
google.golang.org/api v0.214.0/go.mod h1:bYPpLG8AyeMWwDU6NXoB00xC0DFkikVvd5MfwoxjLqE=
google.golang.org/api v0.287.0 h1:CQDMqUiqZZ0U/Yge3zyjAhNQ0OSYEH0PaA7l4xtEen4=
google.golang.org/api v0.287.0/go.mod h1:pPW85yt3Iuc3unkpaMhFtMmOqnTdCwCqEOaUlnuxRlQ=
google.golang.org/genproto v0.0.0-20241223144023-3abc09e42ca8 h1:e26eS1K69yxjjNNHYqjN49y95kcaQLJ3TL5h68dcA1E=
google.golang.org/genproto v0.0.0-20241223144023-3abc09e42ca8/go.mod h1:i5btTErZyoKCCubju3HS5LVho4nZd3yFnEp6moqeUjE=
google.golang.org/genproto v0.0.0-20260630182238-925bb5da69e7 h1:lQG76ePMKmtujel4VIVMiFoHVWVNtJdawbCZJtWlVXU=
google.golang.org/genproto v0.0.0-20260630182238-925bb5da69e7/go.mod h1:LwlOWYBU335L+sR55UuR5fbbU8KmEX+3tUHf3SwMmhM=
google.golang.org/genproto/googleapis/api v0.0.0-20251202230838-ff82c1b0f217 h1:fCvbg86sFXwdrl5LgVcTEvNC+2txB5mgROGmRL5mrls=
google.golang.org/genproto/googleapis/api v0.0.0-20251202230838-ff82c1b0f217/go.mod h1:+rXWjjaukWZun3mLfjmVnQi18E1AsFbDN9QdJ5YXLto=
google.golang.org/genproto/googleapis/api v0.0.0-20260630182238-925bb5da69e7 h1:jQ9p21COKWjP3VwuFrNRiiOTMh3mPpN45R7SLrH/HUU=
google.golang.org/genproto/googleapis/api v0.0.0-20260630182238-925bb5da69e7/go.mod h1:KqHwBx2upmfa1XSi1WuRvC+2VGCLtooKkfmyvRbUmqA=
google.golang.org/genproto/googleapis/rpc v0.0.0-20251202230838-ff82c1b0f217 h1:gRkg/vSppuSQoDjxyiGfN4Upv/h/DQmIR10ZU8dh4Ww=
google.golang.org/genproto/googleapis/rpc v0.0.0-20251202230838-ff82c1b0f217/go.mod h1:7i2o+ce6H/6BluujYR+kqX3GKH+dChPTQU19wjRPiGk=
google.golang.org/genproto/googleapis/rpc v0.0.0-20260630182238-925bb5da69e7 h1:eM/YSd5bBFagF51o1E745Ta7RwzpW0h+z+QDNZOgmQ8=
google.golang.org/genproto/googleapis/rpc v0.0.0-20260630182238-925bb5da69e7/go.mod h1:4Hqkh8ycfw05ld/3BWL7rJOSfebL2Q+DVDeRgYgxUU8=
google.golang.org/grpc v1.79.3 h1:sybAEdRIEtvcD68Gx7dmnwjZKlyfuc61Dyo9pGXXkKE=
google.golang.org/grpc v1.79.3/go.mod h1:KmT0Kjez+0dde/v2j9vzwoAScgEPx/Bw1CYChhHLrHQ=
google.golang.org/grpc v1.82.0 h1:vguDnZUPjE26w09A63VoxZPnvPjB5Riyc0mkXPFmAIU=
google.golang.org/grpc v1.82.0/go.mod h1:yzTZ1TB1Z3SG+LIYaI+WiE8D5+PZ3ArnrSp8zF3+/ZA=
google.golang.org/protobuf v1.36.10 h1:AYd7cD/uASjIL6Q9LiTjz8JLcrh/88q5UObnmY3aOOE=
google.golang.org/protobuf v1.36.10/go.mod h1:HTf+CrKn2C3g5S8VImy6tdcUvCska2kB7j23XfzDpco=
google.golang.org/protobuf v1.36.11 h1:fV6ZwhNocDyBLK0dj+fg8ektcVegBBuEolpbTQyBNVE=
google.golang.org/protobuf v1.36.11/go.mod h1:HTf+CrKn2C3g5S8VImy6tdcUvCska2kB7j23XfzDpco=
gopkg.in/check.v1 v0.0.0-20161208181325-20d25e280405/go.mod h1:Co6ibVJAznAaIkqp8huTwlJQCZ016jof/cbN4VW5Yz0=
gopkg.in/yaml.v3 v3.0.1 h1:fxVm/GzAzEWqLHuvctI91KS9hhNmmWOoWu0XTYJS7CA=
gopkg.in/yaml.v3 v3.0.1/go.mod h1:K4uyk7z7BCEPqu6E+C64Yfv1cQ7kz7rIZviUmN+EgEM=
